{
  "lockfileVersion": 1,
  "configVersion": 1,
  "workspaces": {
    "": {
      "name": "oxlint_plugin",
      "dependencies": {
        "@tailwindcss/language-server": "^0.14.29",
        "vscode-languageserver": "^9.0.1",
        "vscode-languageserver-protocol": "^3.17.5",
        "vscode-languageserver-textdocument": "^1.0.11",
        "vscode-languageserver-types": "^3.17.5",
      },
      "devDependencies": {
        "@tailwindcss/forms": "^0.5.10",
        "@tailwindcss/typography": "^0.5.19",
        "@types/bun": "latest",
        "@types/node": "^24.10.1",
        "oxlint": "^1.29.0",
        "tailwindcss": "^4.1.17",
      },
      "peerDependencies": {
        "typescript": "^5.9.3",
      },
    },
  },
  "packages": {
    "@oxlint/darwin-arm64": ["@oxlint/darwin-arm64@1.29.0", "", { "os": "darwin", "cpu": "arm64" }, "sha512-XYsieDAI0kXJyvayHnmOW1qVydqklRRVT4O5eZmO/rdNCku5CoXsZvBvkPc3U8/9V1mRuen1sxbM9T5JsZqhdA=="],

    "@oxlint/darwin-x64": ["@oxlint/darwin-x64@1.29.0", "", { "os": "darwin", "cpu": "x64" }, "sha512-s+Ch5/4zDJ6wsOk95xY3BS5mtE2JzHLz7gVZ9OWA9EvhVO84wz2YbDp2JaA314yyqhlX5SAkZ6fj3BRMIcQIqg=="],

    "@oxlint/linux-arm64-gnu": ["@oxlint/linux-arm64-gnu@1.29.0", "", { "os": "linux", "cpu": "arm64" }, "sha512-qLCgdUkDBG8muK1o3mPgf31rvCPzj1Xff9DHlJjfv+B0ee/hJ2LAoK8EIsQedfQuuiAccOe9GG65BivGCTgKOg=="],

    "@oxlint/linux-arm64-musl": ["@oxlint/linux-arm64-musl@1.29.0", "", { "os": "linux", "cpu": "arm64" }, "sha512-qe62yb1fyW51wo1VBpx9AJJ1Ih1T8NYDeR9AmpNGkrmKN8u3pPbcGXM4mCrOwpwJUG9M/oFvCIlIz2RhawHlkA=="],

    "@oxlint/linux-x64-gnu": ["@oxlint/linux-x64-gnu@1.29.0", "", { "os": "linux", "cpu": "x64" }, "sha512-4x7p2iVoSE2aT9qI1JOLxUAv3UuzMYGBYWBA4ZF8ln99AdUo1eo0snFacPNd6I/ZZNcv5TegXC+0EUhp5MfYBw=="],

    "@oxlint/linux-x64-musl": ["@oxlint/linux-x64-musl@1.29.0", "", { "os": "linux", "cpu": "x64" }, "sha512-BdH5gdRpaYpyZn2Zm+MCS4b1YmXNe7QyQhw0fawuou+N1LrdAyELgvqI5xXZ1MXCgWDOa6WJaoE6VOPaDc29GA=="],

    "@oxlint/win32-arm64": ["@oxlint/win32-arm64@1.29.0", "", { "os": "win32", "cpu": "arm64" }, "sha512-y+j9ZDrnMxvRTNIstZKFY7gJD07nT++c4cGmub1ENvhoHVToiQAAZQUOLDhXXRzCrFoG/cFJXJf72uowHZPbcg=="],

    "@oxlint/win32-x64": ["@oxlint/win32-x64@1.29.0", "", { "os": "win32", "cpu": "x64" }, "sha512-F1iRtq8VT96lT8hqOubLyV0GxgIK/XdXk2kFLXdCspiI2ngXeNmTTvmPxrj+WFL6fpJPgv7VKWRb/zEHJnNOrg=="],

    "@tailwindcss/forms": ["@tailwindcss/forms@0.5.10", "", { "dependencies": { "mini-svg-data-uri": "^1.2.3" }, "peerDependencies": { "tailwindcss": ">=3.0.0 || >= 3.0.0-alpha.1 || >= 4.0.0-alpha.20 || >= 4.0.0-beta.1" } }, "sha512-utI1ONF6uf/pPNO68kmN1b8rEwNXv3czukalo8VtJH8ksIkZXr3Q3VYudZLkCsDd4Wku120uF02hYK25XGPorw=="],

    "@tailwindcss/language-server": ["@tailwindcss/language-server@0.14.29", "", { "bin": { "css-language-server": "bin/css-language-server", "tailwindcss-language-server": "bin/tailwindcss-language-server" } }, "sha512-aZ3/XyTNmsoIyhs09Fghlw6D6y7o70aIxHmQEYPFiJPe/1k3HqtxXqhn7g7a5UpA1yeGOyKK9HRNJ8ghZqIclg=="],

    "@tailwindcss/typography": ["@tailwindcss/typography@0.5.19", "", { "dependencies": { "postcss-selector-parser": "6.0.10" }, "peerDependencies": { "tailwindcss": ">=3.0.0 || insiders || >=4.0.0-alpha.20 || >=4.0.0-beta.1" } }, "sha512-w31dd8HOx3k9vPtcQh5QHP9GwKcgbMp87j58qi6xgiBnFFtKEAgCWnDw4qUT8aHwkCp8bKvb/KGKWWHedP0AAg=="],

    "@types/bun": ["@types/bun@1.3.2", "", { "dependencies": { "bun-types": "1.3.2" } }, "sha512-t15P7k5UIgHKkxwnMNkJbWlh/617rkDGEdSsDbu+qNHTaz9SKf7aC8fiIlUdD5RPpH6GEkP0cK7WlvmrEBRtWg=="],

    "@types/node": ["@types/node@24.10.1", "", { "dependencies": { "undici-types": "~7.16.0" } }, "sha512-GNWcUTRBgIRJD5zj+Tq0fKOJ5XZajIiBroOF0yvj2bSU1WvNdYS/dn9UxwsujGW4JX06dnHyjV2y9rRaybH0iQ=="],

    "@types/react": ["@types/react@19.2.6", "", { "dependencies": { "csstype": "^3.2.2" } }, "sha512-p/jUvulfgU7oKtj6Xpk8cA2Y1xKTtICGpJYeJXz2YVO2UcvjQgeRMLDGfDeqeRW2Ta+0QNFwcc8X3GH8SxZz6w=="],

    "bun-types": ["bun-types@1.3.2", "", { "dependencies": { "@types/node": "*" }, "peerDependencies": { "@types/react": "^19" } }, "sha512-i/Gln4tbzKNuxP70OWhJRZz1MRfvqExowP7U6JKoI8cntFrtxg7RJK3jvz7wQW54UuvNC8tbKHHri5fy74FVqg=="],

    "cssesc": ["cssesc@3.0.0", "", { "bin": { "cssesc": "bin/cssesc" } }, "sha512-/Tb/JcjK111nNScGob5MNtsntNM1aCNUDipB/TkwZFhyDrrE47SOx/18wF2bbjgc3ZzCSKW1T5nt5EbFoAz/Vg=="],

    "csstype": ["csstype@3.2.3", "", {}, "sha512-z1HGKcYy2xA8AGQfwrn0PAy+PB7X/GSj3UVJW9qKyn43xWa+gl5nXmU4qqLMRzWVLFC8KusUX8T/0kCiOYpAIQ=="],

    "mini-svg-data-uri": ["mini-svg-data-uri@1.4.4", "", { "bin": { "mini-svg-data-uri": "cli.js" } }, "sha512-r9deDe9p5FJUPZAk3A59wGH7Ii9YrjjWw0jmw/liSbHl2CHiyXj6FcDXDu2K3TjVAXqiJdaw3xxwlZZr9E6nHg=="],

    "oxlint": ["oxlint@1.29.0", "", { "optionalDependencies": { "@oxlint/darwin-arm64": "1.29.0", "@oxlint/darwin-x64": "1.29.0", "@oxlint/linux-arm64-gnu": "1.29.0", "@oxlint/linux-arm64-musl": "1.29.0", "@oxlint/linux-x64-gnu": "1.29.0", "@oxlint/linux-x64-musl": "1.29.0", "@oxlint/win32-arm64": "1.29.0", "@oxlint/win32-x64": "1.29.0" }, "peerDependencies": { "oxlint-tsgolint": ">=0.7.1" }, "optionalPeers": ["oxlint-tsgolint"], "bin": { "oxlint": "bin/oxlint", "oxc_language_server": "bin/oxc_language_server" } }, "sha512-YqUVUhTYDqazV2qu3QSQn/H4Z1OP+fTnedgZWDk1/lDZxGfR0b1MqRVaEm3rRjBMLHP0zXlriIWUx+DD6UMaPA=="],

    "postcss-selector-parser": ["postcss-selector-parser@6.0.10", "", { "dependencies": { "cssesc": "^3.0.0", "util-deprecate": "^1.0.2" } }, "sha512-IQ7TZdoaqbT+LCpShg46jnZVlhWD2w6iQYAcYXfHARZ7X1t/UGhhceQDs5X0cGqKvYlHNOuv7Oa1xmb0oQuA3w=="],

    "tailwindcss": ["tailwindcss@4.1.17", "", {}, "sha512-j9Ee2YjuQqYT9bbRTfTZht9W/ytp5H+jJpZKiYdP/bpnXARAuELt9ofP0lPnmHjbga7SNQIxdTAXCmtKVYjN+Q=="],

    "typescript": ["typescript@5.9.3", "", { "bin": { "tsc": "bin/tsc", "tsserver": "bin/tsserver" } }, "sha512-jl1vZzPDinLr9eUt3J/t7V6FgNEw9QjvBPdysz9KfQDD41fQrC2Y4vKQdiaUpFT4bXlb1RHhLpp8wtm6M5TgSw=="],

    "undici-types": ["undici-types@7.16.0", "", {}, "sha512-Zz+aZWSj8LE6zoxD+xrjh4VfkIG8Ya6LvYkZqtUQGJPZjYl53ypCaUwWqo7eI0x66KBGeRo+mlBEkMSeSZ38Nw=="],

    "util-deprecate": ["util-deprecate@1.0.2", "", {}, "sha512-EPD5q1uXyFxJpCrLnCc1nHnq3gOa6DZBocAIiI2TaSCA7VCJ1UJDMagCzIkXNsUYfD1daK//LTEQ8xiIbrHtcw=="],

    "vscode-jsonrpc": ["vscode-jsonrpc@8.2.0", "", {}, "sha512-C+r0eKJUIfiDIfwJhria30+TYWPtuHJXHtI7J0YlOmKAo7ogxP20T0zxB7HZQIFhIyvoBPwWskjxrvAtfjyZfA=="],

    "vscode-languageserver": ["vscode-languageserver@9.0.1", "", { "dependencies": { "vscode-languageserver-protocol": "3.17.5" }, "bin": { "installServerIntoExtension": "bin/installServerIntoExtension" } }, "sha512-woByF3PDpkHFUreUa7Hos7+pUWdeWMXRd26+ZX2A8cFx6v/JPTtd4/uN0/jB6XQHYaOlHbio03NTHCqrgG5n7g=="],

    "vscode-languageserver-protocol": ["vscode-languageserver-protocol@3.17.5", "", { "dependencies": { "vscode-jsonrpc": "8.2.0", "vscode-languageserver-types": "3.17.5" } }, "sha512-mb1bvRJN8SVznADSGWM9u/b07H7Ecg0I3OgXDuLdn307rl/J3A9YD6/eYOssqhecL27hK1IPZAsaqh00i/Jljg=="],

    "vscode-languageserver-textdocument": ["vscode-languageserver-textdocument@1.0.12", "", {}, "sha512-cxWNPesCnQCcMPeenjKKsOCKQZ/L6Tv19DTRIGuLWe32lyzWhihGVJ/rcckZXJxfdKCFvRLS3fpBIsV/ZGX4zA=="],

    "vscode-languageserver-types": ["vscode-languageserver-types@3.17.5", "", {}, "sha512-Ld1VelNuX9pdF39h2Hgaeb5hEZM2Z3jUrrMgWQAu82jMtZp7p3vJT3BzToKtZI7NgQssZje5o0zryOrhQvzQAg=="],
  }
}
